Microsoft Visual Studio Solution File, Format Version 12.00
# Visual Studio Version 17
VisualStudioVersion = 17.5.2.0
MinimumVisualStudioVersion = 10.0.40219.1
Project("{FAE04EC0-301F-11D3-BF4B-00C04F79EFBC}") = "NhsPortal.Domain", "NhsPortal.Domain.csproj", "{2FE968DC-DE8A-3557-EDD2-5EFA34AE2A0D}"
EndProject
Global
	GlobalSection(SolutionConfigurationPlatforms) = preSolution
		Debug|Any CPU = Debug|Any CPU
		Release|Any CPU = Release|Any CPU
	EndGlobalSection
	GlobalSection(ProjectConfigurationPlatforms) = postSolution
		{2FE968DC-DE8A-3557-EDD2-5EFA34AE2A0D}.Debug|Any CPU.ActiveCfg = Debug|Any CPU
		{2FE968DC-DE8A-3557-EDD2-5EFA34AE2A0D}.Debug|Any CPU.Build.0 = Debug|Any CPU
		{2FE968DC-DE8A-3557-EDD2-5EFA34AE2A0D}.Release|Any CPU.ActiveCfg = Release|Any CPU
		{2FE968DC-DE8A-3557-EDD2-5EFA34AE2A0D}.Release|Any CPU.Build.0 = Release|Any CPU
	EndGlobalSection
	GlobalSection(SolutionProperties) = preSolution
		HideSolutionNode = FALSE
	EndGlobalSection
	GlobalSection(ExtensibilityGlobals) = postSolution
		SolutionGuid = {67CFA104-A38E-49E5-9B52-71C408AE72EF}
	EndGlobalSection
EndGlobal
